
Microsoft Visual Studio Solution File, Format Version 11.00
# Visual Studio 2010
Project("{FAE04EC0-301F-11D3-BF4B-00C04F79EFBC}") = "托米工具", "托米工具\托米工具.csproj", "{F840D684-8311-4A21-ABF6-893F16BE70BB}"
EndProject
Project("{FAE04EC0-301F-11D3-BF4B-00C04F79EFBC}") = "TestTuoMi", "TestTuoMi\TestTuoMi.csproj", "{D95736BE-9D4E-4692-97C2-555CAE3624C9}"
EndProject
Project("{2150E333-8FDC-42A3-9474-1A3956D46DE8}") = "Solution Items", "Solution Items", "{97A315F0-2C90-43ED-8D21-26FD27F0299D}"
	ProjectSection(SolutionItems) = preProject
		Local.testsettings = Local.testsettings
		TraceAndTestImpact.testsettings = TraceAndTestImpact.testsettings
		托米工具.vsmdi = 托米工具.vsmdi
	EndProjectSection
EndProject
Global
	GlobalSection(TestCaseManagementSettings) = postSolution
		CategoryFile = 托米工具.vsmdi
	EndGlobalSection
	GlobalSection(SolutionConfigurationPlatforms) = preSolution
		Debug|Any CPU = Debug|Any CPU
		Debug|Mixed Platforms = Debug|Mixed Platforms
		Debug|x86 = Debug|x86
		Release|Any CPU = Release|Any CPU
		Release|Mixed Platforms = Release|Mixed Platforms
		Release|x86 = Release|x86
	EndGlobalSection
	GlobalSection(ProjectConfigurationPlatforms) = postSolution
		{F840D684-8311-4A21-ABF6-893F16BE70BB}.Debug|Any CPU.ActiveCfg = Debug|x86
		{F840D684-8311-4A21-ABF6-893F16BE70BB}.Debug|Mixed Platforms.ActiveCfg = Debug|x86
		{F840D684-8311-4A21-ABF6-893F16BE70BB}.Debug|Mixed Platforms.Build.0 = Debug|x86
		{F840D684-8311-4A21-ABF6-893F16BE70BB}.Debug|x86.ActiveCfg = Debug|x86
		{F840D684-8311-4A21-ABF6-893F16BE70BB}.Debug|x86.Build.0 = Debug|x86
		{F840D684-8311-4A21-ABF6-893F16BE70BB}.Release|Any CPU.ActiveCfg = Release|x86
		{F840D684-8311-4A21-ABF6-893F16BE70BB}.Release|Mixed Platforms.ActiveCfg = Release|x86
		{F840D684-8311-4A21-ABF6-893F16BE70BB}.Release|Mixed Platforms.Build.0 = Release|x86
		{F840D684-8311-4A21-ABF6-893F16BE70BB}.Release|x86.ActiveCfg = Release|x86
		{F840D684-8311-4A21-ABF6-893F16BE70BB}.Release|x86.Build.0 = Release|x86
		{D95736BE-9D4E-4692-97C2-555CAE3624C9}.Debug|Any CPU.ActiveCfg = Debug|Any CPU
		{D95736BE-9D4E-4692-97C2-555CAE3624C9}.Debug|Any CPU.Build.0 = Debug|Any CPU
		{D95736BE-9D4E-4692-97C2-555CAE3624C9}.Debug|Mixed Platforms.ActiveCfg = Debug|Any CPU
		{D95736BE-9D4E-4692-97C2-555CAE3624C9}.Debug|Mixed Platforms.Build.0 = Debug|Any CPU
		{D95736BE-9D4E-4692-97C2-555CAE3624C9}.Debug|x86.ActiveCfg = Debug|Any CPU
		{D95736BE-9D4E-4692-97C2-555CAE3624C9}.Release|Any CPU.ActiveCfg = Release|Any CPU
		{D95736BE-9D4E-4692-97C2-555CAE3624C9}.Release|Any CPU.Build.0 = Release|Any CPU
		{D95736BE-9D4E-4692-97C2-555CAE3624C9}.Release|Mixed Platforms.ActiveCfg = Release|Any CPU
		{D95736BE-9D4E-4692-97C2-555CAE3624C9}.Release|Mixed Platforms.Build.0 = Release|Any CPU
		{D95736BE-9D4E-4692-97C2-555CAE3624C9}.Release|x86.ActiveCfg = Release|Any CPU
	EndGlobalSection
	GlobalSection(SolutionProperties) = preSolution
		HideSolutionNode = FALSE
	EndGlobalSection
EndGlobal
